
Microsoft Visual Studio Solution File, Format Version 12.00
# Visual Studio Version 17
VisualStudioVersion = 17.11.35303.130
MinimumVisualStudioVersion = 10.0.40219.1
Project("{2150E333-8FDC-42A3-9474-1A3956D46DE8}") = "Task0", "Task0", "{27D9722A-5332-4A57-8AE9-7FD46A78776B}"
EndProject
Project("{9A19103F-16F7-4668-BE54-9A1E7A4F7556}") = "Tyuiu.FabritsiusAO.Sprint0.Task0.V0", "Tyuiu.FabritsiusAO.Sprint0.Task0.V0\Tyuiu.FabritsiusAO.Sprint0.Task0.V0.csproj", "{FDCBDB1A-2B08-492F-971B-24A0C5C022C7}"
EndProject
Project("{2150E333-8FDC-42A3-9474-1A3956D46DE8}") = "Task1", "Task1", "{874B5796-785B-4A9F-88F5-939BB76F5FEB}"
EndProject
Project("{9A19103F-16F7-4668-BE54-9A1E7A4F7556}") = "Tyuiu.FabritsiusAO.Sprint0.Task1.V0", "Tyuiu.FabritsiusAO.Sprint0.Task1.V0\Tyuiu.FabritsiusAO.Sprint0.Task1.V0.csproj", "{9061D151-30E8-40CF-B9BC-098366EA15E0}"
EndProject
Project("{2150E333-8FDC-42A3-9474-1A3956D46DE8}") = "Task2", "Task2", "{EE915103-18DE-4485-8476-5D6E7E3408F6}"
EndProject
Project("{9A19103F-16F7-4668-BE54-9A1E7A4F7556}") = "Tyuiu.FabritsiusAO.Sprint0.Task2.V0", "Tyuiu.FabritsiusAO.Sprint0.Task2.V0\Tyuiu.FabritsiusAO.Sprint0.Task2.V0.csproj", "{5F03C6FB-7E8A-48BB-B54D-324B8C50D27C}"
EndProject
Project("{9A19103F-16F7-4668-BE54-9A1E7A4F7556}") = "Tyuiu.FabritsiusAO.Sprint0.Task2.V0.Lib", "Tyuiu.FabritsiusAO.Sprint0.Task2.V0.Lib\Tyuiu.FabritsiusAO.Sprint0.Task2.V0.Lib.csproj", "{E698E877-3DF8-4DDD-BB65-B13437D87B80}"
EndProject
Project("{9A19103F-16F7-4668-BE54-9A1E7A4F7556}") = "Tyuiu.FabritsiusAO.Sprint0.Task2.V0.Test", "Tyuiu.FabritsiusAO.Sprint0.Task2.V0.Test\Tyuiu.FabritsiusAO.Sprint0.Task2.V0.Test.csproj", "{255637EF-0268-4444-A73D-B0231224080D}"
EndProject
Project("{2150E333-8FDC-42A3-9474-1A3956D46DE8}") = "Task3", "Task3", "{0E24F348-3F1A-4E41-88AA-29B67B45F510}"
EndProject
Project("{9A19103F-16F7-4668-BE54-9A1E7A4F7556}") = "Tyuiu.FabritsiusAO.Sprint0.Task3.V0", "Tyuiu.FabritsiusAO.Sprint0.Task3.V0\Tyuiu.FabritsiusAO.Sprint0.Task3.V0.csproj", "{4565D59D-7880-4A62-8472-30DBD213A44E}"
EndProject
Project("{9A19103F-16F7-4668-BE54-9A1E7A4F7556}") = "Tyuiu.FabritsiusAO.Sprint0.Task3.V0.Lib", "Tyuiu.FabritsiusAO.Sprint0.Task3.V0.Lib\Tyuiu.FabritsiusAO.Sprint0.Task3.V0.Lib.csproj", "{5DBF0CC3-BE21-46A0-A5FF-3EFCB6EE833C}"
EndProject
Project("{9A19103F-16F7-4668-BE54-9A1E7A4F7556}") = "Tyuiu.FabritsiusAO.Sprint0.Task3.V0.Test", "Tyuiu.FabritsiusAO.Sprint0.Task3.V0.Test\Tyuiu.FabritsiusAO.Sprint0.Task3.V0.Test.csproj", "{4C2B3091-DEB3-47F9-A18A-3AED359ACF73}"
EndProject
Project("{2150E333-8FDC-42A3-9474-1A3956D46DE8}") = "Task4", "Task4", "{B765C97A-34DF-41AA-BDA9-87457602DD35}"
EndProject
Project("{FAE04EC0-301F-11D3-BF4B-00C04F79EFBC}") = "Tyuiu.FabritsiusAO.Sprint0.Task4.V0", "Tyuiu.FabritsiusAO.Sprint0.Task4.V0\Tyuiu.FabritsiusAO.Sprint0.Task4.V0.csproj", "{FE0736EB-1D18-423D-8C85-03B4F798C0FA}"
EndProject
Project("{FAE04EC0-301F-11D3-BF4B-00C04F79EFBC}") = "Tyuiu.FabritsiusAO.Sprint0.Task4.V0.Lib", "Tyuiu.FabritsiusAO.Sprint0.Task4.V0.Lib\Tyuiu.FabritsiusAO.Sprint0.Task4.V0.Lib.csproj", "{38FB049E-F876-43DE-A5E2-79A7DF353D39}"
EndProject
Project("{FAE04EC0-301F-11D3-BF4B-00C04F79EFBC}") = "Tyuiu.FabritsiusAO.Sprint0.Task4.V0.Test", "Tyuiu.FabritsiusAO.Sprint0.Task4.V0.Test\Tyuiu.FabritsiusAO.Sprint0.Task4.V0.Test.csproj", "{5A8E5BFE-7A57-412E-A295-409863C74646}"
EndProject
Project("{2150E333-8FDC-42A3-9474-1A3956D46DE8}") = "Task5", "Task5", "{98BF99D6-711D-4F1D-818B-93B0E10853F1}"
EndProject
Project("{FAE04EC0-301F-11D3-BF4B-00C04F79EFBC}") = "Tyuiu.FabritsiusAO.Sprint0.Task5.V0", "Tyuiu.FabritsiusAO.Sprint0.Task5.V0\Tyuiu.FabritsiusAO.Sprint0.Task5.V0.csproj", "{C2C1897A-E7D1-4411-9D05-3C7ED7BF7E2F}"
EndProject
Project("{FAE04EC0-301F-11D3-BF4B-00C04F79EFBC}") = "Tyuiu.FabritsiusAO.Sprint0.Task5.V0.Lib", "Tyuiu.FabritsiusAO.Sprint0.Task5.V0.Lib\Tyuiu.FabritsiusAO.Sprint0.Task5.V0.Lib.csproj", "{B139772B-BE11-48D0-BD3E-690DDD8FD1CE}"
EndProject
Project("{FAE04EC0-301F-11D3-BF4B-00C04F79EFBC}") = "Tyuiu.FabritsiusAO.Sprint0.Task5.V0.Test", "Tyuiu.FabritsiusAO.Sprint0.Task5.V0.Test\Tyuiu.FabritsiusAO.Sprint0.Task5.V0.Test.csproj", "{3A23C387-E381-4E82-B4DB-6D9F1431A3B2}"
EndProject
Project("{2150E333-8FDC-42A3-9474-1A3956D46DE8}") = "Task6", "Task6", "{F028577F-B28F-4F90-9ABD-8EACC59A9489}"
EndProject
Project("{FAE04EC0-301F-11D3-BF4B-00C04F79EFBC}") = "Tyuiu.FabritsiusAO.Sprint0.Task6.V0", "Tyuiu.FabritsiusAO.Sprint0.Task6.V0\Tyuiu.FabritsiusAO.Sprint0.Task6.V0.csproj", "{E0E6ABD4-C065-464A-92AE-663AA0B3BD12}"
EndProject
Project("{FAE04EC0-301F-11D3-BF4B-00C04F79EFBC}") = "Tyuiu.FabritsiusAO.Sprint0.Task6.V0.Lib", "Tyuiu.FabritsiusAO.Sprint0.Task6.V0.Lib\Tyuiu.FabritsiusAO.Sprint0.Task6.V0.Lib.csproj", "{A7C873DE-15E9-47BC-ACEB-4CDBBC3D6DE5}"
EndProject
Project("{FAE04EC0-301F-11D3-BF4B-00C04F79EFBC}") = "Tyuiu.FabritsiusAO.Sprint0.Task6.V0.Test", "Tyuiu.FabritsiusAO.Sprint0.Task6.V0.Test\Tyuiu.FabritsiusAO.Sprint0.Task6.V0.Test.csproj", "{8E3C9CA1-4BD4-4CB6-9433-EB7B6B99FA16}"
EndProject
Project("{2150E333-8FDC-42A3-9474-1A3956D46DE8}") = "Task7", "Task7", "{EF4E53D3-1933-4AA8-AA42-7523D673DF3C}"
EndProject
Project("{FAE04EC0-301F-11D3-BF4B-00C04F79EFBC}") = "Tyuiu.FabritsiusAO.Sprint0.Task7.V0", "Tyuiu.FabritsiusAO.Sprint0.Task7.V0\Tyuiu.FabritsiusAO.Sprint0.Task7.V0.csproj", "{8EB900D0-FB74-4C0D-8457-26B3084C774A}"
EndProject
Project("{FAE04EC0-301F-11D3-BF4B-00C04F79EFBC}") = "Tyuiu.FabritsiusAO.Sprint0.Task7.V0.Lib", "Tyuiu.FabritsiusAO.Sprint0.Task7.V0.Lib\Tyuiu.FabritsiusAO.Sprint0.Task7.V0.Lib.csproj", "{976D4AE1-5494-4FA6-BE13-F3B5C734D497}"
EndProject
Project("{FAE04EC0-301F-11D3-BF4B-00C04F79EFBC}") = "Tyuiu.FabritsiusAO.Sprint0.Task7.V0.Test", "Tyuiu.FabritsiusAO.Sprint0.Task7.V0.Test\Tyuiu.FabritsiusAO.Sprint0.Task7.V0.Test.csproj", "{3FA6C161-8F9F-4E46-9C52-49E5F1812899}"
EndProject
Global
	GlobalSection(SolutionConfigurationPlatforms) = preSolution
		Debug|Any CPU = Debug|Any CPU
		Release|Any CPU = Release|Any CPU
	EndGlobalSection
	GlobalSection(ProjectConfigurationPlatforms) = postSolution
		{FDCBDB1A-2B08-492F-971B-24A0C5C022C7}.Debug|Any CPU.ActiveCfg = Debug|Any CPU
		{FDCBDB1A-2B08-492F-971B-24A0C5C022C7}.Debug|Any CPU.Build.0 = Debug|Any CPU
		{FDCBDB1A-2B08-492F-971B-24A0C5C022C7}.Release|Any CPU.ActiveCfg = Release|Any CPU
		{FDCBDB1A-2B08-492F-971B-24A0C5C022C7}.Release|Any CPU.Build.0 = Release|Any CPU
		{9061D151-30E8-40CF-B9BC-098366EA15E0}.Debug|Any CPU.ActiveCfg = Debug|Any CPU
		{9061D151-30E8-40CF-B9BC-098366EA15E0}.Debug|Any CPU.Build.0 = Debug|Any CPU
		{9061D151-30E8-40CF-B9BC-098366EA15E0}.Release|Any CPU.ActiveCfg = Release|Any CPU
		{9061D151-30E8-40CF-B9BC-098366EA15E0}.Release|Any CPU.Build.0 = Release|Any CPU
		{5F03C6FB-7E8A-48BB-B54D-324B8C50D27C}.Debug|Any CPU.ActiveCfg = Debug|Any CPU
		{5F03C6FB-7E8A-48BB-B54D-324B8C50D27C}.Debug|Any CPU.Build.0 = Debug|Any CPU
		{5F03C6FB-7E8A-48BB-B54D-324B8C50D27C}.Release|Any CPU.ActiveCfg = Release|Any CPU
		{5F03C6FB-7E8A-48BB-B54D-324B8C50D27C}.Release|Any CPU.Build.0 = Release|Any CPU
		{E698E877-3DF8-4DDD-BB65-B13437D87B80}.Debug|Any CPU.ActiveCfg = Debug|Any CPU
		{E698E877-3DF8-4DDD-BB65-B13437D87B80}.Debug|Any CPU.Build.0 = Debug|Any CPU
		{E698E877-3DF8-4DDD-BB65-B13437D87B80}.Release|Any CPU.ActiveCfg = Release|Any CPU
		{E698E877-3DF8-4DDD-BB65-B13437D87B80}.Release|Any CPU.Build.0 = Release|Any CPU
		{255637EF-0268-4444-A73D-B0231224080D}.Debug|Any CPU.ActiveCfg = Debug|Any CPU
		{255637EF-0268-4444-A73D-B0231224080D}.Debug|Any CPU.Build.0 = Debug|Any CPU
		{255637EF-0268-4444-A73D-B0231224080D}.Release|Any CPU.ActiveCfg = Release|Any CPU
		{255637EF-0268-4444-A73D-B0231224080D}.Release|Any CPU.Build.0 = Release|Any CPU
		{4565D59D-7880-4A62-8472-30DBD213A44E}.Debug|Any CPU.ActiveCfg = Debug|Any CPU
		{4565D59D-7880-4A62-8472-30DBD213A44E}.Debug|Any CPU.Build.0 = Debug|Any CPU
		{4565D59D-7880-4A62-8472-30DBD213A44E}.Release|Any CPU.ActiveCfg = Release|Any CPU
		{4565D59D-7880-4A62-8472-30DBD213A44E}.Release|Any CPU.Build.0 = Release|Any CPU
		{5DBF0CC3-BE21-46A0-A5FF-3EFCB6EE833C}.Debug|Any CPU.ActiveCfg = Debug|Any CPU
		{5DBF0CC3-BE21-46A0-A5FF-3EFCB6EE833C}.Debug|Any CPU.Build.0 = Debug|Any CPU
		{5DBF0CC3-BE21-46A0-A5FF-3EFCB6EE833C}.Release|Any CPU.ActiveCfg = Release|Any CPU
		{5DBF0CC3-BE21-46A0-A5FF-3EFCB6EE833C}.Release|Any CPU.Build.0 = Release|Any CPU
		{4C2B3091-DEB3-47F9-A18A-3AED359ACF73}.Debug|Any CPU.ActiveCfg = Debug|Any CPU
		{4C2B3091-DEB3-47F9-A18A-3AED359ACF73}.Debug|Any CPU.Build.0 = Debug|Any CPU
		{4C2B3091-DEB3-47F9-A18A-3AED359ACF73}.Release|Any CPU.ActiveCfg = Release|Any CPU
		{4C2B3091-DEB3-47F9-A18A-3AED359ACF73}.Release|Any CPU.Build.0 = Release|Any CPU
		{FE0736EB-1D18-423D-8C85-03B4F798C0FA}.Debug|Any CPU.ActiveCfg = Debug|Any CPU
		{FE0736EB-1D18-423D-8C85-03B4F798C0FA}.Debug|Any CPU.Build.0 = Debug|Any CPU
		{FE0736EB-1D18-423D-8C85-03B4F798C0FA}.Release|Any CPU.ActiveCfg = Release|Any CPU
		{FE0736EB-1D18-423D-8C85-03B4F798C0FA}.Release|Any CPU.Build.0 = Release|Any CPU
		{38FB049E-F876-43DE-A5E2-79A7DF353D39}.Debug|Any CPU.ActiveCfg = Debug|Any CPU
		{38FB049E-F876-43DE-A5E2-79A7DF353D39}.Debug|Any CPU.Build.0 = Debug|Any CPU
		{38FB049E-F876-43DE-A5E2-79A7DF353D39}.Release|Any CPU.ActiveCfg = Release|Any CPU
		{38FB049E-F876-43DE-A5E2-79A7DF353D39}.Release|Any CPU.Build.0 = Release|Any CPU
		{5A8E5BFE-7A57-412E-A295-409863C74646}.Debug|Any CPU.ActiveCfg = Debug|Any CPU
		{5A8E5BFE-7A57-412E-A295-409863C74646}.Debug|Any CPU.Build.0 = Debug|Any CPU
		{5A8E5BFE-7A57-412E-A295-409863C74646}.Release|Any CPU.ActiveCfg = Release|Any CPU
		{5A8E5BFE-7A57-412E-A295-409863C74646}.Release|Any CPU.Build.0 = Release|Any CPU
		{C2C1897A-E7D1-4411-9D05-3C7ED7BF7E2F}.Debug|Any CPU.ActiveCfg = Debug|Any CPU
		{C2C1897A-E7D1-4411-9D05-3C7ED7BF7E2F}.Debug|Any CPU.Build.0 = Debug|Any CPU
		{C2C1897A-E7D1-4411-9D05-3C7ED7BF7E2F}.Release|Any CPU.ActiveCfg = Release|Any CPU
		{C2C1897A-E7D1-4411-9D05-3C7ED7BF7E2F}.Release|Any CPU.Build.0 = Release|Any CPU
		{B139772B-BE11-48D0-BD3E-690DDD8FD1CE}.Debug|Any CPU.ActiveCfg = Debug|Any CPU
		{B139772B-BE11-48D0-BD3E-690DDD8FD1CE}.Debug|Any CPU.Build.0 = Debug|Any CPU
		{B139772B-BE11-48D0-BD3E-690DDD8FD1CE}.Release|Any CPU.ActiveCfg = Release|Any CPU
		{B139772B-BE11-48D0-BD3E-690DDD8FD1CE}.Release|Any CPU.Build.0 = Release|Any CPU
		{3A23C387-E381-4E82-B4DB-6D9F1431A3B2}.Debug|Any CPU.ActiveCfg = Debug|Any CPU
		{3A23C387-E381-4E82-B4DB-6D9F1431A3B2}.Debug|Any CPU.Build.0 = Debug|Any CPU
		{3A23C387-E381-4E82-B4DB-6D9F1431A3B2}.Release|Any CPU.ActiveCfg = Release|Any CPU
		{3A23C387-E381-4E82-B4DB-6D9F1431A3B2}.Release|Any CPU.Build.0 = Release|Any CPU
		{E0E6ABD4-C065-464A-92AE-663AA0B3BD12}.Debug|Any CPU.ActiveCfg = Debug|Any CPU
		{E0E6ABD4-C065-464A-92AE-663AA0B3BD12}.Debug|Any CPU.Build.0 = Debug|Any CPU
		{E0E6ABD4-C065-464A-92AE-663AA0B3BD12}.Release|Any CPU.ActiveCfg = Release|Any CPU
		{E0E6ABD4-C065-464A-92AE-663AA0B3BD12}.Release|Any CPU.Build.0 = Release|Any CPU
		{A7C873DE-15E9-47BC-ACEB-4CDBBC3D6DE5}.Debug|Any CPU.ActiveCfg = Debug|Any CPU
		{A7C873DE-15E9-47BC-ACEB-4CDBBC3D6DE5}.Debug|Any CPU.Build.0 = Debug|Any CPU
		{A7C873DE-15E9-47BC-ACEB-4CDBBC3D6DE5}.Release|Any CPU.ActiveCfg = Release|Any CPU
		{A7C873DE-15E9-47BC-ACEB-4CDBBC3D6DE5}.Release|Any CPU.Build.0 = Release|Any CPU
		{8E3C9CA1-4BD4-4CB6-9433-EB7B6B99FA16}.Debug|Any CPU.ActiveCfg = Debug|Any CPU
		{8E3C9CA1-4BD4-4CB6-9433-EB7B6B99FA16}.Debug|Any CPU.Build.0 = Debug|Any CPU
		{8E3C9CA1-4BD4-4CB6-9433-EB7B6B99FA16}.Release|Any CPU.ActiveCfg = Release|Any CPU
		{8E3C9CA1-4BD4-4CB6-9433-EB7B6B99FA16}.Release|Any CPU.Build.0 = Release|Any CPU
		{8EB900D0-FB74-4C0D-8457-26B3084C774A}.Debug|Any CPU.ActiveCfg = Debug|Any CPU
		{8EB900D0-FB74-4C0D-8457-26B3084C774A}.Debug|Any CPU.Build.0 = Debug|Any CPU
		{8EB900D0-FB74-4C0D-8457-26B3084C774A}.Release|Any CPU.ActiveCfg = Release|Any CPU
		{8EB900D0-FB74-4C0D-8457-26B3084C774A}.Release|Any CPU.Build.0 = Release|Any CPU
		{976D4AE1-5494-4FA6-BE13-F3B5C734D497}.Debug|Any CPU.ActiveCfg = Debug|Any CPU
		{976D4AE1-5494-4FA6-BE13-F3B5C734D497}.Debug|Any CPU.Build.0 = Debug|Any CPU
		{976D4AE1-5494-4FA6-BE13-F3B5C734D497}.Release|Any CPU.ActiveCfg = Release|Any CPU
		{976D4AE1-5494-4FA6-BE13-F3B5C734D497}.Release|Any CPU.Build.0 = Release|Any CPU
		{3FA6C161-8F9F-4E46-9C52-49E5F1812899}.Debug|Any CPU.ActiveCfg = Debug|Any CPU
		{3FA6C161-8F9F-4E46-9C52-49E5F1812899}.Debug|Any CPU.Build.0 = Debug|Any CPU
		{3FA6C161-8F9F-4E46-9C52-49E5F1812899}.Release|Any CPU.ActiveCfg = Release|Any CPU
		{3FA6C161-8F9F-4E46-9C52-49E5F1812899}.Release|Any CPU.Build.0 = Release|Any CPU
	EndGlobalSection
	GlobalSection(SolutionProperties) = preSolution
		HideSolutionNode = FALSE
	EndGlobalSection
	GlobalSection(NestedProjects) = preSolution
		{FDCBDB1A-2B08-492F-971B-24A0C5C022C7} = {27D9722A-5332-4A57-8AE9-7FD46A78776B}
		{9061D151-30E8-40CF-B9BC-098366EA15E0} = {874B5796-785B-4A9F-88F5-939BB76F5FEB}
		{5F03C6FB-7E8A-48BB-B54D-324B8C50D27C} = {EE915103-18DE-4485-8476-5D6E7E3408F6}
		{E698E877-3DF8-4DDD-BB65-B13437D87B80} = {EE915103-18DE-4485-8476-5D6E7E3408F6}
		{255637EF-0268-4444-A73D-B0231224080D} = {EE915103-18DE-4485-8476-5D6E7E3408F6}
		{4565D59D-7880-4A62-8472-30DBD213A44E} = {0E24F348-3F1A-4E41-88AA-29B67B45F510}
		{5DBF0CC3-BE21-46A0-A5FF-3EFCB6EE833C} = {0E24F348-3F1A-4E41-88AA-29B67B45F510}
		{4C2B3091-DEB3-47F9-A18A-3AED359ACF73} = {0E24F348-3F1A-4E41-88AA-29B67B45F510}
		{FE0736EB-1D18-423D-8C85-03B4F798C0FA} = {B765C97A-34DF-41AA-BDA9-87457602DD35}
		{38FB049E-F876-43DE-A5E2-79A7DF353D39} = {B765C97A-34DF-41AA-BDA9-87457602DD35}
		{5A8E5BFE-7A57-412E-A295-409863C74646} = {B765C97A-34DF-41AA-BDA9-87457602DD35}
		{C2C1897A-E7D1-4411-9D05-3C7ED7BF7E2F} = {98BF99D6-711D-4F1D-818B-93B0E10853F1}
		{B139772B-BE11-48D0-BD3E-690DDD8FD1CE} = {98BF99D6-711D-4F1D-818B-93B0E10853F1}
		{3A23C387-E381-4E82-B4DB-6D9F1431A3B2} = {98BF99D6-711D-4F1D-818B-93B0E10853F1}
		{E0E6ABD4-C065-464A-92AE-663AA0B3BD12} = {F028577F-B28F-4F90-9ABD-8EACC59A9489}
		{A7C873DE-15E9-47BC-ACEB-4CDBBC3D6DE5} = {F028577F-B28F-4F90-9ABD-8EACC59A9489}
		{8E3C9CA1-4BD4-4CB6-9433-EB7B6B99FA16} = {F028577F-B28F-4F90-9ABD-8EACC59A9489}
		{8EB900D0-FB74-4C0D-8457-26B3084C774A} = {EF4E53D3-1933-4AA8-AA42-7523D673DF3C}
		{976D4AE1-5494-4FA6-BE13-F3B5C734D497} = {EF4E53D3-1933-4AA8-AA42-7523D673DF3C}
		{3FA6C161-8F9F-4E46-9C52-49E5F1812899} = {EF4E53D3-1933-4AA8-AA42-7523D673DF3C}
	EndGlobalSection
	GlobalSection(ExtensibilityGlobals) = postSolution
		SolutionGuid = {530BB806-11C9-4B18-9879-74046527C9DB}
	EndGlobalSection
EndGlobal
