
Microsoft Visual Studio Solution File, Format Version 12.00
# Visual Studio Version 17
VisualStudioVersion = 17.11.35303.130
MinimumVisualStudioVersion = 10.0.40219.1
Project("{2150E333-8FDC-42A3-9474-1A3956D46DE8}") = "Task0", "Task0", "{27D9722A-5332-4A57-8AE9-7FD46A78776B}"
EndProject
Project("{9A19103F-16F7-4668-BE54-9A1E7A4F7556}") = "Tyuiu.FabritsiusAO.Sprint0.Task0.V0", "Tyuiu.FabritsiusAO.Sprint0.Task0.V0\Tyuiu.FabritsiusAO.Sprint0.Task0.V0.csproj", "{FDCBDB1A-2B08-492F-971B-24A0C5C022C7}"
EndProject
Project("{2150E333-8FDC-42A3-9474-1A3956D46DE8}") = "Task1", "Task1", "{874B5796-785B-4A9F-88F5-939BB76F5FEB}"
EndProject
Project("{FAE04EC0-301F-11D3-BF4B-00C04F79EFBC}") = "Tyuiu.FabritsiusAO.Sprint0.Task1.V0", "Tyuiu.FabritsiusAO.Sprint0.Task1.V0\Tyuiu.FabritsiusAO.Sprint0.Task1.V0.csproj", "{9061D151-30E8-40CF-B9BC-098366EA15E0}"
EndProject
Project("{2150E333-8FDC-42A3-9474-1A3956D46DE8}") = "Task2", "Task2", "{EE915103-18DE-4485-8476-5D6E7E3408F6}"
EndProject
Project("{FAE04EC0-301F-11D3-BF4B-00C04F79EFBC}") = "Tyuiu.FabritsiusAO.Sprint0.Task2.V0", "Tyuiu.FabritsiusAO.Sprint0.Task2.V0\Tyuiu.FabritsiusAO.Sprint0.Task2.V0.csproj", "{5F03C6FB-7E8A-48BB-B54D-324B8C50D27C}"
EndProject
Project("{FAE04EC0-301F-11D3-BF4B-00C04F79EFBC}") = "Tyuiu.FabritsiusAO.Sprint0.Task2.V0.Lib", "Tyuiu.FabritsiusAO.Sprint0.Task2.V0.Lib\Tyuiu.FabritsiusAO.Sprint0.Task2.V0.Lib.csproj", "{E698E877-3DF8-4DDD-BB65-B13437D87B80}"
EndProject
Project("{FAE04EC0-301F-11D3-BF4B-00C04F79EFBC}") = "Tyuiu.FabritsiusAO.Sprint0.Task2.V0.Test", "Tyuiu.FabritsiusAO.Sprint0.Task2.V0.Test\Tyuiu.FabritsiusAO.Sprint0.Task2.V0.Test.csproj", "{255637EF-0268-4444-A73D-B0231224080D}"
EndProject
Project("{2150E333-8FDC-42A3-9474-1A3956D46DE8}") = "Task3", "Task3", "{0E24F348-3F1A-4E41-88AA-29B67B45F510}"
EndProject
Project("{FAE04EC0-301F-11D3-BF4B-00C04F79EFBC}") = "Tyuiu.FabritsiusAO.Sprint0.Task3.V0", "Tyuiu.FabritsiusAO.Sprint0.Task3.V0\Tyuiu.FabritsiusAO.Sprint0.Task3.V0.csproj", "{4565D59D-7880-4A62-8472-30DBD213A44E}"
EndProject
Project("{FAE04EC0-301F-11D3-BF4B-00C04F79EFBC}") = "Tyuiu.FabritsiusAO.Sprint0.Task3.V0.Lib", "Tyuiu.FabritsiusAO.Sprint0.Task3.V0.Lib\Tyuiu.FabritsiusAO.Sprint0.Task3.V0.Lib.csproj", "{5DBF0CC3-BE21-46A0-A5FF-3EFCB6EE833C}"
EndProject
Project("{FAE04EC0-301F-11D3-BF4B-00C04F79EFBC}") = "Tyuiu.FabritsiusAO.Sprint0.Task3.V0.Test", "Tyuiu.FabritsiusAO.Sprint0.Task3.V0.Test\Tyuiu.FabritsiusAO.Sprint0.Task3.V0.Test.csproj", "{4C2B3091-DEB3-47F9-A18A-3AED359ACF73}"
EndProject
Global
	GlobalSection(SolutionConfigurationPlatforms) = preSolution
		Debug|Any CPU = Debug|Any CPU
		Release|Any CPU = Release|Any CPU
	EndGlobalSection
	GlobalSection(ProjectConfigurationPlatforms) = postSolution
		{FDCBDB1A-2B08-492F-971B-24A0C5C022C7}.Debug|Any CPU.ActiveCfg = Debug|Any CPU
		{FDCBDB1A-2B08-492F-971B-24A0C5C022C7}.Debug|Any CPU.Build.0 = Debug|Any CPU
		{FDCBDB1A-2B08-492F-971B-24A0C5C022C7}.Release|Any CPU.ActiveCfg = Release|Any CPU
		{FDCBDB1A-2B08-492F-971B-24A0C5C022C7}.Release|Any CPU.Build.0 = Release|Any CPU
		{9061D151-30E8-40CF-B9BC-098366EA15E0}.Debug|Any CPU.ActiveCfg = Debug|Any CPU
		{9061D151-30E8-40CF-B9BC-098366EA15E0}.Debug|Any CPU.Build.0 = Debug|Any CPU
		{9061D151-30E8-40CF-B9BC-098366EA15E0}.Release|Any CPU.ActiveCfg = Release|Any CPU
		{9061D151-30E8-40CF-B9BC-098366EA15E0}.Release|Any CPU.Build.0 = Release|Any CPU
		{5F03C6FB-7E8A-48BB-B54D-324B8C50D27C}.Debug|Any CPU.ActiveCfg = Debug|Any CPU
		{5F03C6FB-7E8A-48BB-B54D-324B8C50D27C}.Debug|Any CPU.Build.0 = Debug|Any CPU
		{5F03C6FB-7E8A-48BB-B54D-324B8C50D27C}.Release|Any CPU.ActiveCfg = Release|Any CPU
		{5F03C6FB-7E8A-48BB-B54D-324B8C50D27C}.Release|Any CPU.Build.0 = Release|Any CPU
		{E698E877-3DF8-4DDD-BB65-B13437D87B80}.Debug|Any CPU.ActiveCfg = Debug|Any CPU
		{E698E877-3DF8-4DDD-BB65-B13437D87B80}.Debug|Any CPU.Build.0 = Debug|Any CPU
		{E698E877-3DF8-4DDD-BB65-B13437D87B80}.Release|Any CPU.ActiveCfg = Release|Any CPU
		{E698E877-3DF8-4DDD-BB65-B13437D87B80}.Release|Any CPU.Build.0 = Release|Any CPU
		{255637EF-0268-4444-A73D-B0231224080D}.Debug|Any CPU.ActiveCfg = Debug|Any CPU
		{255637EF-0268-4444-A73D-B0231224080D}.Debug|Any CPU.Build.0 = Debug|Any CPU
		{255637EF-0268-4444-A73D-B0231224080D}.Release|Any CPU.ActiveCfg = Release|Any CPU
		{255637EF-0268-4444-A73D-B0231224080D}.Release|Any CPU.Build.0 = Release|Any CPU
		{4565D59D-7880-4A62-8472-30DBD213A44E}.Debug|Any CPU.ActiveCfg = Debug|Any CPU
		{4565D59D-7880-4A62-8472-30DBD213A44E}.Debug|Any CPU.Build.0 = Debug|Any CPU
		{4565D59D-7880-4A62-8472-30DBD213A44E}.Release|Any CPU.ActiveCfg = Release|Any CPU
		{4565D59D-7880-4A62-8472-30DBD213A44E}.Release|Any CPU.Build.0 = Release|Any CPU
		{5DBF0CC3-BE21-46A0-A5FF-3EFCB6EE833C}.Debug|Any CPU.ActiveCfg = Debug|Any CPU
		{5DBF0CC3-BE21-46A0-A5FF-3EFCB6EE833C}.Debug|Any CPU.Build.0 = Debug|Any CPU
		{5DBF0CC3-BE21-46A0-A5FF-3EFCB6EE833C}.Release|Any CPU.ActiveCfg = Release|Any CPU
		{5DBF0CC3-BE21-46A0-A5FF-3EFCB6EE833C}.Release|Any CPU.Build.0 = Release|Any CPU
		{4C2B3091-DEB3-47F9-A18A-3AED359ACF73}.Debug|Any CPU.ActiveCfg = Debug|Any CPU
		{4C2B3091-DEB3-47F9-A18A-3AED359ACF73}.Debug|Any CPU.Build.0 = Debug|Any CPU
		{4C2B3091-DEB3-47F9-A18A-3AED359ACF73}.Release|Any CPU.ActiveCfg = Release|Any CPU
		{4C2B3091-DEB3-47F9-A18A-3AED359ACF73}.Release|Any CPU.Build.0 = Release|Any CPU
	EndGlobalSection
	GlobalSection(SolutionProperties) = preSolution
		HideSolutionNode = FALSE
	EndGlobalSection
	GlobalSection(NestedProjects) = preSolution
		{FDCBDB1A-2B08-492F-971B-24A0C5C022C7} = {27D9722A-5332-4A57-8AE9-7FD46A78776B}
		{9061D151-30E8-40CF-B9BC-098366EA15E0} = {874B5796-785B-4A9F-88F5-939BB76F5FEB}
		{5F03C6FB-7E8A-48BB-B54D-324B8C50D27C} = {EE915103-18DE-4485-8476-5D6E7E3408F6}
		{E698E877-3DF8-4DDD-BB65-B13437D87B80} = {EE915103-18DE-4485-8476-5D6E7E3408F6}
		{255637EF-0268-4444-A73D-B0231224080D} = {EE915103-18DE-4485-8476-5D6E7E3408F6}
		{4565D59D-7880-4A62-8472-30DBD213A44E} = {0E24F348-3F1A-4E41-88AA-29B67B45F510}
		{5DBF0CC3-BE21-46A0-A5FF-3EFCB6EE833C} = {0E24F348-3F1A-4E41-88AA-29B67B45F510}
		{4C2B3091-DEB3-47F9-A18A-3AED359ACF73} = {0E24F348-3F1A-4E41-88AA-29B67B45F510}
	EndGlobalSection
	GlobalSection(ExtensibilityGlobals) = postSolution
		SolutionGuid = {530BB806-11C9-4B18-9879-74046527C9DB}
	EndGlobalSection
EndGlobal
